
Microsoft Visual Studio Solution File, Format Version 12.00
Project("{F2A71F9B-5D33-465A-A702-920D77279786}") = "L11 akka", "L11 akka\L11 akka.fsproj", "{A781D49E-A64D-40E8-99D5-1F913C30AEB1}"
EndProject
Global
	GlobalSection(SolutionConfigurationPlatforms) = preSolution
		Debug|Any CPU = Debug|Any CPU
		Release|Any CPU = Release|Any CPU
	EndGlobalSection
	GlobalSection(ProjectConfigurationPlatforms) = postSolution
		{A781D49E-A64D-40E8-99D5-1F913C30AEB1}.Debug|Any CPU.ActiveCfg = Debug|Any CPU
		{A781D49E-A64D-40E8-99D5-1F913C30AEB1}.Debug|Any CPU.Build.0 = Debug|Any CPU
		{A781D49E-A64D-40E8-99D5-1F913C30AEB1}.Release|Any CPU.ActiveCfg = Release|Any CPU
		{A781D49E-A64D-40E8-99D5-1F913C30AEB1}.Release|Any CPU.Build.0 = Release|Any CPU
	EndGlobalSection
EndGlobal
